PODS:
  - app_settings (5.1.1):
    - Flutter
  - Flutter (1.0.0)
  - image_picker_ios (0.0.1):
    - Flutter
  - screen_corner_radius (0.0.1):
    - Flutter

DEPENDENCIES:
  - app_settings (from `.symlinks/plugins/app_settings/ios`)
  - Flutter (from `Flutter`)
  - image_picker_ios (from `.symlinks/plugins/image_picker_ios/ios`)
  - screen_corner_radius (from `.symlinks/plugins/screen_corner_radius/ios`)

EXTERNAL SOURCES:
  app_settings:
    :path: ".symlinks/plugins/app_settings/ios"
  Flutter:
    :path: Flutter
  image_picker_ios:
    :path: ".symlinks/plugins/image_picker_ios/ios"
  screen_corner_radius:
    :path: ".symlinks/plugins/screen_corner_radius/ios"

SPEC CHECKSUMS:
  app_settings: 5127ae0678de1dcc19f2293271c51d37c89428b2
  Flutter: cabc95a1d2626b1b06e7179b784ebcf0c0cde467
  image_picker_ios: e0ece4aa2a75771a7de3fa735d26d90817041326
  screen_corner_radius: 64e0abb3920228a5f91c0680fa890222970025bd

PODFILE CHECKSUM: 60faf006254acf9ea4ef392573c61d3c180a286d

COCOAPODS: 1.16.2
